
Microsoft Visual Studio Solution File, Format Version 12.00
# Visual Studio Version 16
VisualStudioVersion = 16.0.32126.315
MinimumVisualStudioVersion = 10.0.40219.1
Project("{FAE04EC0-301F-11D3-BF4B-00C04F79EFBC}") = "ENTITYFRAMEWORKCRUD", "ENTITYFRAMEWORKCRUD\ENTITYFRAMEWORKCRUD.csproj", "{B5A31005-21AF-4E25-885E-CD92003DC3A6}"
EndProject
Global
	GlobalSection(SolutionConfigurationPlatforms) = preSolution
		Debug|Any CPU = Debug|Any CPU
		Release|Any CPU = Release|Any CPU
	EndGlobalSection
	GlobalSection(ProjectConfigurationPlatforms) = postSolution
		{B5A31005-21AF-4E25-885E-CD92003DC3A6}.Debug|Any CPU.ActiveCfg = Debug|Any CPU
		{B5A31005-21AF-4E25-885E-CD92003DC3A6}.Debug|Any CPU.Build.0 = Debug|Any CPU
		{B5A31005-21AF-4E25-885E-CD92003DC3A6}.Release|Any CPU.ActiveCfg = Release|Any CPU
		{B5A31005-21AF-4E25-885E-CD92003DC3A6}.Release|Any CPU.Build.0 = Release|Any CPU
	EndGlobalSection
	GlobalSection(SolutionProperties) = preSolution
		HideSolutionNode = FALSE
	EndGlobalSection
	GlobalSection(ExtensibilityGlobals) = postSolution
		SolutionGuid = {021B274A-22B7-4229-966B-9929D84759BE}
	EndGlobalSection
EndGlobal
